
Microsoft Visual Studio Solution File, Format Version 12.00
# Visual Studio Version 16
VisualStudioVersion = 16.0.31019.35
MinimumVisualStudioVersion = 10.0.40219.1
Project("{FAE04EC0-301F-11D3-BF4B-00C04F79EFBC}") = "DoAn_PhamDucVu", "DoAn_PhamDucVu.csproj", "{DC071863-635B-4892-AF3B-BD8CBA9F820E}"
EndProject
Global
	GlobalSection(SolutionConfigurationPlatforms) = preSolution
		Debug|Any CPU = Debug|Any CPU
		Release|Any CPU = Release|Any CPU
	EndGlobalSection
	GlobalSection(ProjectConfigurationPlatforms) = postSolution
		{DC071863-635B-4892-AF3B-BD8CBA9F820E}.Debug|Any CPU.ActiveCfg = Debug|Any CPU
		{DC071863-635B-4892-AF3B-BD8CBA9F820E}.Debug|Any CPU.Build.0 = Debug|Any CPU
		{DC071863-635B-4892-AF3B-BD8CBA9F820E}.Release|Any CPU.ActiveCfg = Release|Any CPU
		{DC071863-635B-4892-AF3B-BD8CBA9F820E}.Release|Any CPU.Build.0 = Release|Any CPU
	EndGlobalSection
	GlobalSection(SolutionProperties) = preSolution
		HideSolutionNode = FALSE
	EndGlobalSection
	GlobalSection(ExtensibilityGlobals) = postSolution
		SolutionGuid = {671B45B4-C8FB-4CFD-AE3B-C7577AEE8CD9}
	EndGlobalSection
EndGlobal
